// !$*UTF8*$!
{
	archiveVersion = 1;
	classes = {
	};
	objectVersion = 56;
	objects = {

/* Begin PBXBuildFile section */
		6476C3FA2A0DFD7B00AC69AE /* AppDelegate.swift in Sources */ = {isa = PBXBuildFile; fileRef = 6476C3F92A0DFD7B00AC69AE /* AppDelegate.swift */; };
		6476C3FC2A0DFD7B00AC69AE /* SceneDelegate.swift in Sources */ = {isa = PBXBuildFile; fileRef = 6476C3FB2A0DFD7B00AC69AE /* SceneDelegate.swift */; };
		6476C3FE2A0DFD7B00AC69AE /* ViewController.swift in Sources */ = {isa = PBXBuildFile; fileRef = 6476C3FD2A0DFD7B00AC69AE /* ViewController.swift */; };
		6476C4012A0DFD7B00AC69AE /* Main.storyboard in Resources */ = {isa = PBXBuildFile; fileRef = 6476C3FF2A0DFD7B00AC69AE /* Main.storyboard */; };
		6476C4042A0DFD7B00AC69AE /* ToDoApp.xcdatamodeld in Sources */ = {isa = PBXBuildFile; fileRef = 6476C4022A0DFD7B00AC69AE /* ToDoApp.xcdatamodeld */; };
		6476C4062A0DFD7D00AC69AE /* Assets.xcassets in Resources */ = {isa = PBXBuildFile; fileRef = 6476C4052A0DFD7D00AC69AE /* Assets.xcassets */; };
		6476C4092A0DFD7D00AC69AE /* LaunchScreen.storyboard in Resources */ = {isa = PBXBuildFile; fileRef = 6476C4072A0DFD7D00AC69AE /* LaunchScreen.storyboard */; };
		6476C4112A0DFF6900AC69AE /* Memo.swift in Sources */ = {isa = PBXBuildFile; fileRef = 6476C4102A0DFF6900AC69AE /* Memo.swift */; };
		6476C4142A0E018B00AC69AE /* MemoData+CoreDataClass.swift in Sources */ = {isa = PBXBuildFile; fileRef = 6476C4122A0E018B00AC69AE /* MemoData+CoreDataClass.swift */; };
		6476C4152A0E018B00AC69AE /* MemoData+CoreDataProperties.swift in Sources */ = {isa = PBXBuildFile; fileRef = 6476C4132A0E018B00AC69AE /* MemoData+CoreDataProperties.swift */; };
/* End PBXBuildFile section */

/* Begin PBXFileReference section */
		6476C3F62A0DFD7B00AC69AE /* ToDoApp.app */ = {isa = PBXFileReference; explicitFileType = wrapper.application; includeInIndex = 0; path = ToDoApp.app; sourceTree = BUILT_PRODUCTS_DIR; };
		6476C3F92A0DFD7B00AC69AE /* AppDelegate.swift */ = {isa = PBXFileReference; lastKnownFileType = sourcecode.swift; path = AppDelegate.swift; sourceTree = "<group>"; };
		6476C3FB2A0DFD7B00AC69AE /* SceneDelegate.swift */ = {isa = PBXFileReference; lastKnownFileType = sourcecode.swift; path = SceneDelegate.swift; sourceTree = "<group>"; };
		6476C3FD2A0DFD7B00AC69AE /* ViewController.swift */ = {isa = PBXFileReference; lastKnownFileType = sourcecode.swift; path = ViewController.swift; sourceTree = "<group>"; };
		6476C4002A0DFD7B00AC69AE /* Base */ = {isa = PBXFileReference; lastKnownFileType = file.storyboard; name = Base; path = Base.lproj/Main.storyboard; sourceTree = "<group>"; };
		6476C4032A0DFD7B00AC69AE /* ToDoApp.xcdatamodel */ = {isa = PBXFileReference; lastKnownFileType = wrapper.xcdatamodel; path = ToDoApp.xcdatamodel; sourceTree = "<group>"; };
		6476C4052A0DFD7D00AC69AE /* Assets.xcassets */ = {isa = PBXFileReference; lastKnownFileType = folder.assetcatalog; path = Assets.xcassets; sourceTree = "<group>"; };
		6476C4082A0DFD7D00AC69AE /* Base */ = {isa = PBXFileReference; lastKnownFileType = file.storyboard; name = Base; path = Base.lproj/LaunchScreen.storyboard; sourceTree = "<group>"; };
		6476C40A2A0DFD7D00AC69AE /* Info.plist */ = {isa = PBXFileReference; lastKnownFileType = text.plist.xml; path = Info.plist; sourceTree = "<group>"; };
		6476C4102A0DFF6900AC69AE /* Memo.swift */ = {isa = PBXFileReference; lastKnownFileType = sourcecode.swift; path = Memo.swift; sourceTree = "<group>"; };
		6476C4122A0E018B00AC69AE /* MemoData+CoreDataClass.swift */ = {isa = PBXFileReference; lastKnownFileType = sourcecode.swift; path = "MemoData+CoreDataClass.swift"; sourceTree = "<group>"; };
		6476C4132A0E018B00AC69AE /* MemoData+CoreDataProperties.swift */ = {isa = PBXFileReference; lastKnownFileType = sourcecode.swift; path = "MemoData+CoreDataProperties.swift"; sourceTree = "<group>"; };
/* End PBXFileReference section */

/* Begin PBXFrameworksBuildPhase section */
		6476C3F32A0DFD7B00AC69AE /* Frameworks */ = {
			isa = PBXFrameworksBuildPhase;
			buildActionMask = 2147483647;
			files = (
			);
			runOnlyForDeploymentPostprocessing = 0;
		};
/* End PBXFrameworksBuildPhase section */

/* Begin PBXGroup section */
		6476C3ED2A0DFD7B00AC69AE = {
			isa = PBXGroup;
			children = (
				6476C3F82A0DFD7B00AC69AE /* ToDoApp */,
				6476C3F72A0DFD7B00AC69AE /* Products */,
			);
			sourceTree = "<group>";
		};
		6476C3F72A0DFD7B00AC69AE /* Products */ = {
			isa = PBXGroup;
			children = (
				6476C3F62A0DFD7B00AC69AE /* ToDoApp.app */,
			);
			name = Products;
			sourceTree = "<group>";
		};
		6476C3F82A0DFD7B00AC69AE /* ToDoApp */ = {
			isa = PBXGroup;
			children = (
				6476C3F92A0DFD7B00AC69AE /* AppDelegate.swift */,
				6476C3FB2A0DFD7B00AC69AE /* SceneDelegate.swift */,
				6476C3FD2A0DFD7B00AC69AE /* ViewController.swift */,
				6476C3FF2A0DFD7B00AC69AE /* Main.storyboard */,
				6476C4052A0DFD7D00AC69AE /* Assets.xcassets */,
				6476C4072A0DFD7D00AC69AE /* LaunchScreen.storyboard */,
				6476C40A2A0DFD7D00AC69AE /* Info.plist */,
				6476C4022A0DFD7B00AC69AE /* ToDoApp.xcdatamodeld */,
				6476C4102A0DFF6900AC69AE /* Memo.swift */,
				6476C4122A0E018B00AC69AE /* MemoData+CoreDataClass.swift */,
				6476C4132A0E018B00AC69AE /* MemoData+CoreDataProperties.swift */,
			);
			path = ToDoApp;
			sourceTree = "<group>";
		};
/* End PBXGroup section */

/* Begin PBXNativeTarget section */
		6476C3F52A0DFD7B00AC69AE /* ToDoApp */ = {
			isa = PBXNativeTarget;
			buildConfigurationList = 6476C40D2A0DFD7E00AC69AE /* Build configuration list for PBXNativeTarget "ToDoApp" */;
			buildPhases = (
				6476C3F22A0DFD7B00AC69AE /* Sources */,
				6476C3F32A0DFD7B00AC69AE /* Frameworks */,
				6476C3F42A0DFD7B00AC69AE /* Resources */,
			);
			buildRules = (
			);
			dependencies = (
			);
			name = ToDoApp;
			productName = ToDoApp;
			productReference = 6476C3F62A0DFD7B00AC69AE /* ToDoApp.app */;
			productType = "com.apple.product-type.application";
		};
/* End PBXNativeTarget section */

/* Begin PBXProject section */
		6476C3EE2A0DFD7B00AC69AE /* Project object */ = {
			isa = PBXProject;
			attributes = {
				BuildIndependentTargetsInParallel = 1;
				LastSwiftUpdateCheck = 1430;
				LastUpgradeCheck = 1430;
				TargetAttributes = {
					6476C3F52A0DFD7B00AC69AE = {
						CreatedOnToolsVersion = 14.3;
					};
				};
			};
			buildConfigurationList = 6476C3F12A0DFD7B00AC69AE /* Build configuration list for PBXProject "ToDoApp" */;
			compatibilityVersion = "Xcode 14.0";
			developmentRegion = en;
			hasScannedForEncodings = 0;
			knownRegions = (
				en,
				Base,
			);
			mainGroup = 6476C3ED2A0DFD7B00AC69AE;
			productRefGroup = 6476C3F72A0DFD7B00AC69AE /* Products */;
			projectDirPath = "";
			projectRoot = "";
			targets = (
				6476C3F52A0DFD7B00AC69AE /* ToDoApp */,
			);
		};
/* End PBXProject section */

/* Begin PBXResourcesBuildPhase section */
		6476C3F42A0DFD7B00AC69AE /* Resources */ = {
			isa = PBXResourcesBuildPhase;
			buildActionMask = 2147483647;
			files = (
				6476C4092A0DFD7D00AC69AE /* LaunchScreen.storyboard in Resources */,
				6476C4062A0DFD7D00AC69AE /* Assets.xcassets in Resources */,
				6476C4012A0DFD7B00AC69AE /* Main.storyboard in Resources */,
			);
			runOnlyForDeploymentPostprocessing = 0;
		};
/* End PBXResourcesBuildPhase section */

/* Begin PBXSourcesBuildPhase section */
		6476C3F22A0DFD7B00AC69AE /* Sources */ = {
			isa = PBXSourcesBuildPhase;
			buildActionMask = 2147483647;
			files = (
				6476C3FE2A0DFD7B00AC69AE /* ViewController.swift in Sources */,
				6476C3FA2A0DFD7B00AC69AE /* AppDelegate.swift in Sources */,
				6476C3FC2A0DFD7B00AC69AE /* SceneDelegate.swift in Sources */,
				6476C4142A0E018B00AC69AE /* MemoData+CoreDataClass.swift in Sources */,
				6476C4152A0E018B00AC69AE /* MemoData+CoreDataProperties.swift in Sources */,
				6476C4042A0DFD7B00AC69AE /* ToDoApp.xcdatamodeld in Sources */,
				6476C4112A0DFF6900AC69AE /* Memo.swift in Sources */,
			);
			runOnlyForDeploymentPostprocessing = 0;
		};
/* End PBXSourcesBuildPhase section */

/* Begin PBXVariantGroup section */
		6476C3FF2A0DFD7B00AC69AE /* Main.storyboard */ = {
			isa = PBXVariantGroup;
			children = (
				6476C4002A0DFD7B00AC69AE /* Base */,
			);
			name = Main.storyboard;
			sourceTree = "<group>";
		};
		6476C4072A0DFD7D00AC69AE /* LaunchScreen.storyboard */ = {
			isa = PBXVariantGroup;
			children = (
				6476C4082A0DFD7D00AC69AE /* Base */,
			);
			name = LaunchScreen.storyboard;
			sourceTree = "<group>";
		};
/* End PBXVariantGroup section */

/* Begin XCBuildConfiguration section */
		6476C40B2A0DFD7E00AC69AE /* Debug */ = {
			isa = XCBuildConfiguration;
			buildSettings = {
				ALWAYS_SEARCH_USER_PATHS = NO;
				CLANG_ANALYZER_NONNULL = YES;
				CLANG_ANALYZER_NUMBER_OBJECT_CONVERSION = YES_AGGRESSIVE;
				CLANG_CXX_LANGUAGE_STANDARD = "gnu++20";
				CLANG_ENABLE_MODULES = YES;
				CLANG_ENABLE_OBJC_ARC = YES;
				CLANG_ENABLE_OBJC_WEAK = YES;
				CLANG_WARN_BLOCK_CAPTURE_AUTORELEASING = YES;
				CLANG_WARN_BOOL_CONVERSION = YES;
				CLANG_WARN_COMMA = YES;
				CLANG_WARN_CONSTANT_CONVERSION = YES;
				CLANG_WARN_DEPRECATED_OBJC_IMPLEMENTATIONS = YES;
				CLANG_WARN_DIRECT_OBJC_ISA_USAGE = YES_ERROR;
				CLANG_WARN_DOCUMENTATION_COMMENTS = YES;
				CLANG_WARN_EMPTY_BODY = YES;
				CLANG_WARN_ENUM_CONVERSION = YES;
				CLANG_WARN_INFINITE_RECURSION = YES;
				CLANG_WARN_INT_CONVERSION = YES;
				CLANG_WARN_NON_LITERAL_NULL_CONVERSION = YES;
				CLANG_WARN_OBJC_IMPLICIT_RETAIN_SELF = YES;
				CLANG_WARN_OBJC_LITERAL_CONVERSION = YES;
				CLANG_WARN_OBJC_ROOT_CLASS = YES_ERROR;
				CLANG_WARN_QUOTED_INCLUDE_IN_FRAMEWORK_HEADER = YES;
				CLANG_WARN_RANGE_LOOP_ANALYSIS = YES;
				CLANG_WARN_STRICT_PROTOTYPES = YES;
				CLANG_WARN_SUSPICIOUS_MOVE = YES;
				CLANG_WARN_UNGUARDED_AVAILABILITY = YES_AGGRESSIVE;
				CLANG_WARN_UNREACHABLE_CODE = YES;
				CLANG_WARN__DUPLICATE_METHOD_MATCH = YES;
				COPY_PHASE_STRIP = NO;
				DEBUG_INFORMATION_FORMAT = dwarf;
				ENABLE_STRICT_OBJC_MSGSEND = YES;
				ENABLE_TESTABILITY = YES;
				GCC_C_LANGUAGE_STANDARD = gnu11;
				GCC_DYNAMIC_NO_PIC = NO;
				GCC_NO_COMMON_BLOCKS = YES;
				GCC_OPTIMIZATION_LEVEL = 0;
				GCC_PREPROCESSOR_DEFINITIONS = (
					"DEBUG=1",
					"$(inherited)",
				);
				GCC_WARN_64_TO_32_BIT_CONVERSION = YES;
				GCC_WARN_ABOUT_RETURN_TYPE = YES_ERROR;
				GCC_WARN_UNDECLARED_SELECTOR = YES;
				GCC_WARN_UNINITIALIZED_AUTOS = YES_AGGRESSIVE;
				GCC_WARN_UNUSED_FUNCTION = YES;
				GCC_WARN_UNUSED_VARIABLE = YES;
				IPHONEOS_DEPLOYMENT_TARGET = 16.4;
				MTL_ENABLE_DEBUG_INFO = INCLUDE_SOURCE;
				MTL_FAST_MATH = YES;
				ONLY_ACTIVE_ARCH = YES;
				SDKROOT = iphoneos;
				SWIFT_ACTIVE_COMPILATION_CONDITIONS = DEBUG;
				SWIFT_OPTIMIZATION_LEVEL = "-Onone";
			};
			name = Debug;
		};
		6476C40C2A0DFD7E00AC69AE /* Release */ = {
			isa = XCBuildConfiguration;
			buildSettings = {
				ALWAYS_SEARCH_USER_PATHS = NO;
				CLANG_ANALYZER_NONNULL = YES;
				CLANG_ANALYZER_NUMBER_OBJECT_CONVERSION = YES_AGGRESSIVE;
				CLANG_CXX_LANGUAGE_STANDARD = "gnu++20";
				CLANG_ENABLE_MODULES = YES;
				CLANG_ENABLE_OBJC_ARC = YES;
				CLANG_ENABLE_OBJC_WEAK = YES;
				CLANG_WARN_BLOCK_CAPTURE_AUTORELEASING = YES;
				CLANG_WARN_BOOL_CONVERSION = YES;
				CLANG_WARN_COMMA = YES;
				CLANG_WARN_CONSTANT_CONVERSION = YES;
				CLANG_WARN_DEPRECATED_OBJC_IMPLEMENTATIONS = YES;
				CLANG_WARN_DIRECT_OBJC_ISA_USAGE = YES_ERROR;
				CLANG_WARN_DOCUMENTATION_COMMENTS = YES;
				CLANG_WARN_EMPTY_BODY = YES;
				CLANG_WARN_ENUM_CONVERSION = YES;
				CLANG_WARN_INFINITE_RECURSION = YES;
				CLANG_WARN_INT_CONVERSION = YES;
				CLANG_WARN_NON_LITERAL_NULL_CONVERSION = YES;
				CLANG_WARN_OBJC_IMPLICIT_RETAIN_SELF = YES;
				CLANG_WARN_OBJC_LITERAL_CONVERSION = YES;
				CLANG_WARN_OBJC_ROOT_CLASS = YES_ERROR;
				CLANG_WARN_QUOTED_INCLUDE_IN_FRAMEWORK_HEADER = YES;
				CLANG_WARN_RANGE_LOOP_ANALYSIS = YES;
				CLANG_WARN_STRICT_PROTOTYPES = YES;
				CLANG_WARN_SUSPICIOUS_MOVE = YES;
				CLANG_WARN_UNGUARDED_AVAILABILITY = YES_AGGRESSIVE;
				CLANG_WARN_UNREACHABLE_CODE = YES;
				CLANG_WARN__DUPLICATE_METHOD_MATCH = YES;
				COPY_PHASE_STRIP = NO;
				DEBUG_INFORMATION_FORMAT = "dwarf-with-dsym";
				ENABLE_NS_ASSERTIONS = NO;
				ENABLE_STRICT_OBJC_MSGSEND = YES;
				GCC_C_LANGUAGE_STANDARD = gnu11;
				GCC_NO_COMMON_BLOCKS = YES;
				GCC_WARN_64_TO_32_BIT_CONVERSION = YES;
				GCC_WARN_ABOUT_RETURN_TYPE = YES_ERROR;
				GCC_WARN_UNDECLARED_SELECTOR = YES;
				GCC_WARN_UNINITIALIZED_AUTOS = YES_AGGRESSIVE;
				GCC_WARN_UNUSED_FUNCTION = YES;
				GCC_WARN_UNUSED_VARIABLE = YES;
				IPHONEOS_DEPLOYMENT_TARGET = 16.4;
				MTL_ENABLE_DEBUG_INFO = NO;
				MTL_FAST_MATH = YES;
				SDKROOT = iphoneos;
				SWIFT_COMPILATION_MODE = wholemodule;
				SWIFT_OPTIMIZATION_LEVEL = "-O";
				VALIDATE_PRODUCT = YES;
			};
			name = Release;
		};
		6476C40E2A0DFD7E00AC69AE /* Debug */ = {
			isa = XCBuildConfiguration;
			buildSettings = {
				ASSETCATALOG_COMPILER_APPICON_NAME = AppIcon;
				ASSETCATALOG_COMPILER_GLOBAL_ACCENT_COLOR_NAME = AccentColor;
				CODE_SIGN_STYLE = Automatic;
				CURRENT_PROJECT_VERSION = 1;
				DEVELOPMENT_TEAM = 5KA6J79S24;
				GENERATE_INFOPLIST_FILE = YES;
				INFOPLIST_FILE = ToDoApp/Info.plist;
				INFOPLIST_KEY_UIApplicationSupportsIndirectInputEvents = YES;
				INFOPLIST_KEY_UILaunchStoryboardName = LaunchScreen;
				INFOPLIST_KEY_UIMainStoryboardFile = Main;
				INFOPLIST_KEY_UISupportedInterfaceOrientations_iPad = "UIInterfaceOrientationPortrait UIInterfaceOrientationPortraitUpsideDown UIInterfaceOrientationLandscapeLeft UIInterfaceOrientationLandscapeRight";
				INFOPLIST_KEY_UISupportedInterfaceOrientations_iPhone = "UIInterfaceOrientationPortrait UIInterfaceOrientationLandscapeLeft UIInterfaceOrientationLandscapeRight";
				LD_RUNPATH_SEARCH_PATHS = (
					"$(inherited)",
					"@executable_path/Frameworks",
				);
				MARKETING_VERSION = 1.0;
				PRODUCT_BUNDLE_IDENTIFIER = com.woogie.ToDoApp;
				PRODUCT_NAME = "$(TARGET_NAME)";
				SWIFT_EMIT_LOC_STRINGS = YES;
				SWIFT_VERSION = 5.0;
				TARGETED_DEVICE_FAMILY = "1,2";
			};
			name = Debug;
		};
		6476C40F2A0DFD7E00AC69AE /* Release */ = {
			isa = XCBuildConfiguration;
			buildSettings = {
				ASSETCATALOG_COMPILER_APPICON_NAME = AppIcon;
				ASSETCATALOG_COMPILER_GLOBAL_ACCENT_COLOR_NAME = AccentColor;
				CODE_SIGN_STYLE = Automatic;
				CURRENT_PROJECT_VERSION = 1;
				DEVELOPMENT_TEAM = 5KA6J79S24;
				GENERATE_INFOPLIST_FILE = YES;
				INFOPLIST_FILE = ToDoApp/Info.plist;
				INFOPLIST_KEY_UIApplicationSupportsIndirectInputEvents = YES;
				INFOPLIST_KEY_UILaunchStoryboardName = LaunchScreen;
				INFOPLIST_KEY_UIMainStoryboardFile = Main;
				INFOPLIST_KEY_UISupportedInterfaceOrientations_iPad = "UIInterfaceOrientationPortrait UIInterfaceOrientationPortraitUpsideDown UIInterfaceOrientationLandscapeLeft UIInterfaceOrientationLandscapeRight";
				INFOPLIST_KEY_UISupportedInterfaceOrientations_iPhone = "UIInterfaceOrientationPortrait UIInterfaceOrientationLandscapeLeft UIInterfaceOrientationLandscapeRight";
				LD_RUNPATH_SEARCH_PATHS = (
					"$(inherited)",
					"@executable_path/Frameworks",
				);
				MARKETING_VERSION = 1.0;
				PRODUCT_BUNDLE_IDENTIFIER = com.woogie.ToDoApp;
				PRODUCT_NAME = "$(TARGET_NAME)";
				SWIFT_EMIT_LOC_STRINGS = YES;
				SWIFT_VERSION = 5.0;
				TARGETED_DEVICE_FAMILY = "1,2";
			};
			name = Release;
		};
/* End XCBuildConfiguration section */

/* Begin XCConfigurationList section */
		6476C3F12A0DFD7B00AC69AE /* Build configuration list for PBXProject "ToDoApp" */ = {
			isa = XCConfigurationList;
			buildConfigurations = (
				6476C40B2A0DFD7E00AC69AE /* Debug */,
				6476C40C2A0DFD7E00AC69AE /* Release */,
			);
			defaultConfigurationIsVisible = 0;
			defaultConfigurationName = Release;
		};
		6476C40D2A0DFD7E00AC69AE /* Build configuration list for PBXNativeTarget "ToDoApp" */ = {
			isa = XCConfigurationList;
			buildConfigurations = (
				6476C40E2A0DFD7E00AC69AE /* Debug */,
				6476C40F2A0DFD7E00AC69AE /* Release */,
			);
			defaultConfigurationIsVisible = 0;
			defaultConfigurationName = Release;
		};
/* End XCConfigurationList section */

/* Begin XCVersionGroup section */
		6476C4022A0DFD7B00AC69AE /* ToDoApp.xcdatamodeld */ = {
			isa = XCVersionGroup;
			children = (
				6476C4032A0DFD7B00AC69AE /* ToDoApp.xcdatamodel */,
			);
			currentVersion = 6476C4032A0DFD7B00AC69AE /* ToDoApp.xcdatamodel */;
			path = ToDoApp.xcdatamodeld;
			sourceTree = "<group>";
			versionGroupType = wrapper.xcdatamodel;
		};
/* End XCVersionGroup section */
	};
	rootObject = 6476C3EE2A0DFD7B00AC69AE /* Project object */;
}
