// !$*UTF8*$!
{
	archiveVersion = 1;
	classes = {
	};
	objectVersion = 56;
	objects = {

/* Begin PBXBuildFile section */
		6460067729FFDB1E00347F13 /* AppDelegate.swift in Sources */ = {isa = PBXBuildFile; fileRef = 6460067629FFDB1E00347F13 /* AppDelegate.swift */; };
		6460067929FFDB1E00347F13 /* SceneDelegate.swift in Sources */ = {isa = PBXBuildFile; fileRef = 6460067829FFDB1E00347F13 /* SceneDelegate.swift */; };
		6460067B29FFDB1E00347F13 /* ViewController.swift in Sources */ = {isa = PBXBuildFile; fileRef = 6460067A29FFDB1E00347F13 /* ViewController.swift */; };
		6460067E29FFDB1E00347F13 /* Main.storyboard in Resources */ = {isa = PBXBuildFile; fileRef = 6460067C29FFDB1E00347F13 /* Main.storyboard */; };
		6460068029FFDB2000347F13 /* Assets.xcassets in Resources */ = {isa = PBXBuildFile; fileRef = 6460067F29FFDB2000347F13 /* Assets.xcassets */; };
		6460068329FFDB2000347F13 /* LaunchScreen.storyboard in Resources */ = {isa = PBXBuildFile; fileRef = 6460068129FFDB2000347F13 /* LaunchScreen.storyboard */; };
		64AA072129FFDF8B00AF3CAC /* Member.swift in Sources */ = {isa = PBXBuildFile; fileRef = 64AA072029FFDF8B00AF3CAC /* Member.swift */; };
		64AA072329FFE4C700AF3CAC /* MemberListManager.swift in Sources */ = {isa = PBXBuildFile; fileRef = 64AA072229FFE4C700AF3CAC /* MemberListManager.swift */; };
		64AA072529FFEA7000AF3CAC /* MyTableViewCell.swift in Sources */ = {isa = PBXBuildFile; fileRef = 64AA072429FFEA7000AF3CAC /* MyTableViewCell.swift */; };
		64AA07472A022A3700AF3CAC /* DetailViewController.swift in Sources */ = {isa = PBXBuildFile; fileRef = 64AA07462A022A3700AF3CAC /* DetailViewController.swift */; };
		64AA07492A022A7600AF3CAC /* DetailView.swift in Sources */ = {isa = PBXBuildFile; fileRef = 64AA07482A022A7600AF3CAC /* DetailView.swift */; };
/* End PBXBuildFile section */

/* Begin PBXFileReference section */
		6460067329FFDB1E00347F13 /* MemberList.app */ = {isa = PBXFileReference; explicitFileType = wrapper.application; includeInIndex = 0; path = MemberList.app; sourceTree = BUILT_PRODUCTS_DIR; };
		6460067629FFDB1E00347F13 /* AppDelegate.swift */ = {isa = PBXFileReference; lastKnownFileType = sourcecode.swift; path = AppDelegate.swift; sourceTree = "<group>"; };
		6460067829FFDB1E00347F13 /* SceneDelegate.swift */ = {isa = PBXFileReference; lastKnownFileType = sourcecode.swift; path = SceneDelegate.swift; sourceTree = "<group>"; };
		6460067A29FFDB1E00347F13 /* ViewController.swift */ = {isa = PBXFileReference; lastKnownFileType = sourcecode.swift; path = ViewController.swift; sourceTree = "<group>"; };
		6460067D29FFDB1E00347F13 /* Base */ = {isa = PBXFileReference; lastKnownFileType = file.storyboard; name = Base; path = Base.lproj/Main.storyboard; sourceTree = "<group>"; };
		6460067F29FFDB2000347F13 /* Assets.xcassets */ = {isa = PBXFileReference; lastKnownFileType = folder.assetcatalog; path = Assets.xcassets; sourceTree = "<group>"; };
		6460068229FFDB2000347F13 /* Base */ = {isa = PBXFileReference; lastKnownFileType = file.storyboard; name = Base; path = Base.lproj/LaunchScreen.storyboard; sourceTree = "<group>"; };
		6460068429FFDB2000347F13 /* Info.plist */ = {isa = PBXFileReference; lastKnownFileType = text.plist.xml; path = Info.plist; sourceTree = "<group>"; };
		64AA072029FFDF8B00AF3CAC /* Member.swift */ = {isa = PBXFileReference; lastKnownFileType = sourcecode.swift; path = Member.swift; sourceTree = "<group>"; };
		64AA072229FFE4C700AF3CAC /* MemberListManager.swift */ = {isa = PBXFileReference; lastKnownFileType = sourcecode.swift; path = MemberListManager.swift; sourceTree = "<group>"; };
		64AA072429FFEA7000AF3CAC /* MyTableViewCell.swift */ = {isa = PBXFileReference; lastKnownFileType = sourcecode.swift; path = MyTableViewCell.swift; sourceTree = "<group>"; };
		64AA07462A022A3700AF3CAC /* DetailViewController.swift */ = {isa = PBXFileReference; lastKnownFileType = sourcecode.swift; path = DetailViewController.swift; sourceTree = "<group>"; };
		64AA07482A022A7600AF3CAC /* DetailView.swift */ = {isa = PBXFileReference; lastKnownFileType = sourcecode.swift; path = DetailView.swift; sourceTree = "<group>"; };
/* End PBXFileReference section */

/* Begin PBXFrameworksBuildPhase section */
		6460067029FFDB1E00347F13 /* Frameworks */ = {
			isa = PBXFrameworksBuildPhase;
			buildActionMask = 2147483647;
			files = (
			);
			runOnlyForDeploymentPostprocessing = 0;
		};
/* End PBXFrameworksBuildPhase section */

/* Begin PBXGroup section */
		6460066A29FFDB1E00347F13 = {
			isa = PBXGroup;
			children = (
				6460067529FFDB1E00347F13 /* MemberList */,
				6460067429FFDB1E00347F13 /* Products */,
			);
			sourceTree = "<group>";
		};
		6460067429FFDB1E00347F13 /* Products */ = {
			isa = PBXGroup;
			children = (
				6460067329FFDB1E00347F13 /* MemberList.app */,
			);
			name = Products;
			sourceTree = "<group>";
		};
		6460067529FFDB1E00347F13 /* MemberList */ = {
			isa = PBXGroup;
			children = (
				6460067629FFDB1E00347F13 /* AppDelegate.swift */,
				6460067829FFDB1E00347F13 /* SceneDelegate.swift */,
				64AA071C29FFDF0F00AF3CAC /* Models */,
				64AA071F29FFDF4500AF3CAC /* Views */,
				64AA071D29FFDF1D00AF3CAC /* Controllers */,
				6460067F29FFDB2000347F13 /* Assets.xcassets */,
				6460068129FFDB2000347F13 /* LaunchScreen.storyboard */,
				6460068429FFDB2000347F13 /* Info.plist */,
			);
			path = MemberList;
			sourceTree = "<group>";
		};
		64AA071C29FFDF0F00AF3CAC /* Models */ = {
			isa = PBXGroup;
			children = (
				64AA072029FFDF8B00AF3CAC /* Member.swift */,
				64AA072229FFE4C700AF3CAC /* MemberListManager.swift */,
			);
			path = Models;
			sourceTree = "<group>";
		};
		64AA071D29FFDF1D00AF3CAC /* Controllers */ = {
			isa = PBXGroup;
			children = (
				6460067A29FFDB1E00347F13 /* ViewController.swift */,
				64AA07462A022A3700AF3CAC /* DetailViewController.swift */,
			);
			path = Controllers;
			sourceTree = "<group>";
		};
		64AA071F29FFDF4500AF3CAC /* Views */ = {
			isa = PBXGroup;
			children = (
				6460067C29FFDB1E00347F13 /* Main.storyboard */,
				64AA072429FFEA7000AF3CAC /* MyTableViewCell.swift */,
				64AA07482A022A7600AF3CAC /* DetailView.swift */,
			);
			path = Views;
			sourceTree = "<group>";
		};
/* End PBXGroup section */

/* Begin PBXNativeTarget section */
		6460067229FFDB1E00347F13 /* MemberList */ = {
			isa = PBXNativeTarget;
			buildConfigurationList = 6460068729FFDB2000347F13 /* Build configuration list for PBXNativeTarget "MemberList" */;
			buildPhases = (
				6460066F29FFDB1E00347F13 /* Sources */,
				6460067029FFDB1E00347F13 /* Frameworks */,
				6460067129FFDB1E00347F13 /* Resources */,
			);
			buildRules = (
			);
			dependencies = (
			);
			name = MemberList;
			productName = MemberList;
			productReference = 6460067329FFDB1E00347F13 /* MemberList.app */;
			productType = "com.apple.product-type.application";
		};
/* End PBXNativeTarget section */

/* Begin PBXProject section */
		6460066B29FFDB1E00347F13 /* Project object */ = {
			isa = PBXProject;
			attributes = {
				BuildIndependentTargetsInParallel = 1;
				LastSwiftUpdateCheck = 1430;
				LastUpgradeCheck = 1430;
				TargetAttributes = {
					6460067229FFDB1E00347F13 = {
						CreatedOnToolsVersion = 14.3;
					};
				};
			};
			buildConfigurationList = 6460066E29FFDB1E00347F13 /* Build configuration list for PBXProject "MemberList" */;
			compatibilityVersion = "Xcode 14.0";
			developmentRegion = en;
			hasScannedForEncodings = 0;
			knownRegions = (
				en,
				Base,
			);
			mainGroup = 6460066A29FFDB1E00347F13;
			productRefGroup = 6460067429FFDB1E00347F13 /* Products */;
			projectDirPath = "";
			projectRoot = "";
			targets = (
				6460067229FFDB1E00347F13 /* MemberList */,
			);
		};
/* End PBXProject section */

/* Begin PBXResourcesBuildPhase section */
		6460067129FFDB1E00347F13 /* Resources */ = {
			isa = PBXResourcesBuildPhase;
			buildActionMask = 2147483647;
			files = (
				6460068329FFDB2000347F13 /* LaunchScreen.storyboard in Resources */,
				6460068029FFDB2000347F13 /* Assets.xcassets in Resources */,
				6460067E29FFDB1E00347F13 /* Main.storyboard in Resources */,
			);
			runOnlyForDeploymentPostprocessing = 0;
		};
/* End PBXResourcesBuildPhase section */

/* Begin PBXSourcesBuildPhase section */
		6460066F29FFDB1E00347F13 /* Sources */ = {
			isa = PBXSourcesBuildPhase;
			buildActionMask = 2147483647;
			files = (
				64AA072329FFE4C700AF3CAC /* MemberListManager.swift in Sources */,
				64AA07492A022A7600AF3CAC /* DetailView.swift in Sources */,
				6460067B29FFDB1E00347F13 /* ViewController.swift in Sources */,
				6460067729FFDB1E00347F13 /* AppDelegate.swift in Sources */,
				6460067929FFDB1E00347F13 /* SceneDelegate.swift in Sources */,
				64AA072129FFDF8B00AF3CAC /* Member.swift in Sources */,
				64AA072529FFEA7000AF3CAC /* MyTableViewCell.swift in Sources */,
				64AA07472A022A3700AF3CAC /* DetailViewController.swift in Sources */,
			);
			runOnlyForDeploymentPostprocessing = 0;
		};
/* End PBXSourcesBuildPhase section */

/* Begin PBXVariantGroup section */
		6460067C29FFDB1E00347F13 /* Main.storyboard */ = {
			isa = PBXVariantGroup;
			children = (
				6460067D29FFDB1E00347F13 /* Base */,
			);
			name = Main.storyboard;
			sourceTree = "<group>";
		};
		6460068129FFDB2000347F13 /* LaunchScreen.storyboard */ = {
			isa = PBXVariantGroup;
			children = (
				6460068229FFDB2000347F13 /* Base */,
			);
			name = LaunchScreen.storyboard;
			sourceTree = "<group>";
		};
/* End PBXVariantGroup section */

/* Begin XCBuildConfiguration section */
		6460068529FFDB2000347F13 /* Debug */ = {
			isa = XCBuildConfiguration;
			buildSettings = {
				ALWAYS_SEARCH_USER_PATHS = NO;
				CLANG_ANALYZER_NONNULL = YES;
				CLANG_ANALYZER_NUMBER_OBJECT_CONVERSION = YES_AGGRESSIVE;
				CLANG_CXX_LANGUAGE_STANDARD = "gnu++20";
				CLANG_ENABLE_MODULES = YES;
				CLANG_ENABLE_OBJC_ARC = YES;
				CLANG_ENABLE_OBJC_WEAK = YES;
				CLANG_WARN_BLOCK_CAPTURE_AUTORELEASING = YES;
				CLANG_WARN_BOOL_CONVERSION = YES;
				CLANG_WARN_COMMA = YES;
				CLANG_WARN_CONSTANT_CONVERSION = YES;
				CLANG_WARN_DEPRECATED_OBJC_IMPLEMENTATIONS = YES;
				CLANG_WARN_DIRECT_OBJC_ISA_USAGE = YES_ERROR;
				CLANG_WARN_DOCUMENTATION_COMMENTS = YES;
				CLANG_WARN_EMPTY_BODY = YES;
				CLANG_WARN_ENUM_CONVERSION = YES;
				CLANG_WARN_INFINITE_RECURSION = YES;
				CLANG_WARN_INT_CONVERSION = YES;
				CLANG_WARN_NON_LITERAL_NULL_CONVERSION = YES;
				CLANG_WARN_OBJC_IMPLICIT_RETAIN_SELF = YES;
				CLANG_WARN_OBJC_LITERAL_CONVERSION = YES;
				CLANG_WARN_OBJC_ROOT_CLASS = YES_ERROR;
				CLANG_WARN_QUOTED_INCLUDE_IN_FRAMEWORK_HEADER = YES;
				CLANG_WARN_RANGE_LOOP_ANALYSIS = YES;
				CLANG_WARN_STRICT_PROTOTYPES = YES;
				CLANG_WARN_SUSPICIOUS_MOVE = YES;
				CLANG_WARN_UNGUARDED_AVAILABILITY = YES_AGGRESSIVE;
				CLANG_WARN_UNREACHABLE_CODE = YES;
				CLANG_WARN__DUPLICATE_METHOD_MATCH = YES;
				COPY_PHASE_STRIP = NO;
				DEBUG_INFORMATION_FORMAT = dwarf;
				ENABLE_STRICT_OBJC_MSGSEND = YES;
				ENABLE_TESTABILITY = YES;
				GCC_C_LANGUAGE_STANDARD = gnu11;
				GCC_DYNAMIC_NO_PIC = NO;
				GCC_NO_COMMON_BLOCKS = YES;
				GCC_OPTIMIZATION_LEVEL = 0;
				GCC_PREPROCESSOR_DEFINITIONS = (
					"DEBUG=1",
					"$(inherited)",
				);
				GCC_WARN_64_TO_32_BIT_CONVERSION = YES;
				GCC_WARN_ABOUT_RETURN_TYPE = YES_ERROR;
				GCC_WARN_UNDECLARED_SELECTOR = YES;
				GCC_WARN_UNINITIALIZED_AUTOS = YES_AGGRESSIVE;
				GCC_WARN_UNUSED_FUNCTION = YES;
				GCC_WARN_UNUSED_VARIABLE = YES;
				IPHONEOS_DEPLOYMENT_TARGET = 16.4;
				MTL_ENABLE_DEBUG_INFO = INCLUDE_SOURCE;
				MTL_FAST_MATH = YES;
				ONLY_ACTIVE_ARCH = YES;
				SDKROOT = iphoneos;
				SWIFT_ACTIVE_COMPILATION_CONDITIONS = DEBUG;
				SWIFT_OPTIMIZATION_LEVEL = "-Onone";
			};
			name = Debug;
		};
		6460068629FFDB2000347F13 /* Release */ = {
			isa = XCBuildConfiguration;
			buildSettings = {
				ALWAYS_SEARCH_USER_PATHS = NO;
				CLANG_ANALYZER_NONNULL = YES;
				CLANG_ANALYZER_NUMBER_OBJECT_CONVERSION = YES_AGGRESSIVE;
				CLANG_CXX_LANGUAGE_STANDARD = "gnu++20";
				CLANG_ENABLE_MODULES = YES;
				CLANG_ENABLE_OBJC_ARC = YES;
				CLANG_ENABLE_OBJC_WEAK = YES;
				CLANG_WARN_BLOCK_CAPTURE_AUTORELEASING = YES;
				CLANG_WARN_BOOL_CONVERSION = YES;
				CLANG_WARN_COMMA = YES;
				CLANG_WARN_CONSTANT_CONVERSION = YES;
				CLANG_WARN_DEPRECATED_OBJC_IMPLEMENTATIONS = YES;
				CLANG_WARN_DIRECT_OBJC_ISA_USAGE = YES_ERROR;
				CLANG_WARN_DOCUMENTATION_COMMENTS = YES;
				CLANG_WARN_EMPTY_BODY = YES;
				CLANG_WARN_ENUM_CONVERSION = YES;
				CLANG_WARN_INFINITE_RECURSION = YES;
				CLANG_WARN_INT_CONVERSION = YES;
				CLANG_WARN_NON_LITERAL_NULL_CONVERSION = YES;
				CLANG_WARN_OBJC_IMPLICIT_RETAIN_SELF = YES;
				CLANG_WARN_OBJC_LITERAL_CONVERSION = YES;
				CLANG_WARN_OBJC_ROOT_CLASS = YES_ERROR;
				CLANG_WARN_QUOTED_INCLUDE_IN_FRAMEWORK_HEADER = YES;
				CLANG_WARN_RANGE_LOOP_ANALYSIS = YES;
				CLANG_WARN_STRICT_PROTOTYPES = YES;
				CLANG_WARN_SUSPICIOUS_MOVE = YES;
				CLANG_WARN_UNGUARDED_AVAILABILITY = YES_AGGRESSIVE;
				CLANG_WARN_UNREACHABLE_CODE = YES;
				CLANG_WARN__DUPLICATE_METHOD_MATCH = YES;
				COPY_PHASE_STRIP = NO;
				DEBUG_INFORMATION_FORMAT = "dwarf-with-dsym";
				ENABLE_NS_ASSERTIONS = NO;
				ENABLE_STRICT_OBJC_MSGSEND = YES;
				GCC_C_LANGUAGE_STANDARD = gnu11;
				GCC_NO_COMMON_BLOCKS = YES;
				GCC_WARN_64_TO_32_BIT_CONVERSION = YES;
				GCC_WARN_ABOUT_RETURN_TYPE = YES_ERROR;
				GCC_WARN_UNDECLARED_SELECTOR = YES;
				GCC_WARN_UNINITIALIZED_AUTOS = YES_AGGRESSIVE;
				GCC_WARN_UNUSED_FUNCTION = YES;
				GCC_WARN_UNUSED_VARIABLE = YES;
				IPHONEOS_DEPLOYMENT_TARGET = 16.4;
				MTL_ENABLE_DEBUG_INFO = NO;
				MTL_FAST_MATH = YES;
				SDKROOT = iphoneos;
				SWIFT_COMPILATION_MODE = wholemodule;
				SWIFT_OPTIMIZATION_LEVEL = "-O";
				VALIDATE_PRODUCT = YES;
			};
			name = Release;
		};
		6460068829FFDB2000347F13 /* Debug */ = {
			isa = XCBuildConfiguration;
			buildSettings = {
				ASSETCATALOG_COMPILER_APPICON_NAME = AppIcon;
				ASSETCATALOG_COMPILER_GLOBAL_ACCENT_COLOR_NAME = AccentColor;
				CODE_SIGN_STYLE = Automatic;
				CURRENT_PROJECT_VERSION = 1;
				DEVELOPMENT_TEAM = 5KA6J79S24;
				GENERATE_INFOPLIST_FILE = YES;
				INFOPLIST_FILE = MemberList/Info.plist;
				INFOPLIST_KEY_UIApplicationSupportsIndirectInputEvents = YES;
				INFOPLIST_KEY_UILaunchStoryboardName = LaunchScreen;
				INFOPLIST_KEY_UIMainStoryboardFile = Main;
				INFOPLIST_KEY_UISupportedInterfaceOrientations_iPad = "UIInterfaceOrientationPortrait UIInterfaceOrientationPortraitUpsideDown UIInterfaceOrientationLandscapeLeft UIInterfaceOrientationLandscapeRight";
				INFOPLIST_KEY_UISupportedInterfaceOrientations_iPhone = "UIInterfaceOrientationPortrait UIInterfaceOrientationLandscapeLeft UIInterfaceOrientationLandscapeRight";
				IPHONEOS_DEPLOYMENT_TARGET = 14.0;
				LD_RUNPATH_SEARCH_PATHS = (
					"$(inherited)",
					"@executable_path/Frameworks",
				);
				MARKETING_VERSION = 1.0;
				PRODUCT_BUNDLE_IDENTIFIER = com.woogie.MemberList;
				PRODUCT_NAME = "$(TARGET_NAME)";
				SWIFT_EMIT_LOC_STRINGS = YES;
				SWIFT_VERSION = 5.0;
				TARGETED_DEVICE_FAMILY = "1,2";
			};
			name = Debug;
		};
		6460068929FFDB2000347F13 /* Release */ = {
			isa = XCBuildConfiguration;
			buildSettings = {
				ASSETCATALOG_COMPILER_APPICON_NAME = AppIcon;
				ASSETCATALOG_COMPILER_GLOBAL_ACCENT_COLOR_NAME = AccentColor;
				CODE_SIGN_STYLE = Automatic;
				CURRENT_PROJECT_VERSION = 1;
				DEVELOPMENT_TEAM = 5KA6J79S24;
				GENERATE_INFOPLIST_FILE = YES;
				INFOPLIST_FILE = MemberList/Info.plist;
				INFOPLIST_KEY_UIApplicationSupportsIndirectInputEvents = YES;
				INFOPLIST_KEY_UILaunchStoryboardName = LaunchScreen;
				INFOPLIST_KEY_UIMainStoryboardFile = Main;
				INFOPLIST_KEY_UISupportedInterfaceOrientations_iPad = "UIInterfaceOrientationPortrait UIInterfaceOrientationPortraitUpsideDown UIInterfaceOrientationLandscapeLeft UIInterfaceOrientationLandscapeRight";
				INFOPLIST_KEY_UISupportedInterfaceOrientations_iPhone = "UIInterfaceOrientationPortrait UIInterfaceOrientationLandscapeLeft UIInterfaceOrientationLandscapeRight";
				IPHONEOS_DEPLOYMENT_TARGET = 14.0;
				LD_RUNPATH_SEARCH_PATHS = (
					"$(inherited)",
					"@executable_path/Frameworks",
				);
				MARKETING_VERSION = 1.0;
				PRODUCT_BUNDLE_IDENTIFIER = com.woogie.MemberList;
				PRODUCT_NAME = "$(TARGET_NAME)";
				SWIFT_EMIT_LOC_STRINGS = YES;
				SWIFT_VERSION = 5.0;
				TARGETED_DEVICE_FAMILY = "1,2";
			};
			name = Release;
		};
/* End XCBuildConfiguration section */

/* Begin XCConfigurationList section */
		6460066E29FFDB1E00347F13 /* Build configuration list for PBXProject "MemberList" */ = {
			isa = XCConfigurationList;
			buildConfigurations = (
				6460068529FFDB2000347F13 /* Debug */,
				6460068629FFDB2000347F13 /* Release */,
			);
			defaultConfigurationIsVisible = 0;
			defaultConfigurationName = Release;
		};
		6460068729FFDB2000347F13 /* Build configuration list for PBXNativeTarget "MemberList" */ = {
			isa = XCConfigurationList;
			buildConfigurations = (
				6460068829FFDB2000347F13 /* Debug */,
				6460068929FFDB2000347F13 /* Release */,
			);
			defaultConfigurationIsVisible = 0;
			defaultConfigurationName = Release;
		};
/* End XCConfigurationList section */
	};
	rootObject = 6460066B29FFDB1E00347F13 /* Project object */;
}
